// !$*UTF8*$!
{
	archiveVersion = 1;
	classes = {
	};
	objectVersion = 56;
	objects = {

/* Begin PBXBuildFile section */
		4F0868D42BC4643000D20DA1 /* AppDelegate.mm in Sources */ = {isa = PBXBuildFile; fileRef = 4F0868D32BC4643000D20DA1 /* AppDelegate.mm */; };
		4F0868D72BC4643000D20DA1 /* SceneDelegate.mm in Sources */ = {isa = PBXBuildFile; fileRef = 4F0868D62BC4643000D20DA1 /* SceneDelegate.mm */; };
		4F0868DA2BC4643000D20DA1 /* ViewController.mm in Sources */ = {isa = PBXBuildFile; fileRef = 4F0868D92BC4643000D20DA1 /* ViewController.mm */; };
		4F0868DD2BC4643000D20DA1 /* Base in Resources */ = {isa = PBXBuildFile; fileRef = 4F0868DC2BC4643000D20DA1 /* Base */; };
		4F0868DF2BC4643100D20DA1 /* Assets.xcassets in Resources */ = {isa = PBXBuildFile; fileRef = 4F0868DE2BC4643100D20DA1 /* Assets.xcassets */; };
		4F0868E22BC4643100D20DA1 /* Base in Resources */ = {isa = PBXBuildFile; fileRef = 4F0868E12BC4643100D20DA1 /* Base */; };
		4F0868E52BC4643100D20DA1 /* main.mm in Sources */ = {isa = PBXBuildFile; fileRef = 4F0868E42BC4643100D20DA1 /* main.mm */; };
		4F0868ED2BC464CD00D20DA1 /* UIKit.framework in Frameworks */ = {isa = PBXBuildFile; fileRef = 4F0868EC2BC464CD00D20DA1 /* UIKit.framework */; };
		4F8FF5B02C01B7E1008164CD /* DAAlertControllerView.mm in Sources */ = {isa = PBXBuildFile; fileRef = 4F8FF5AA2C01B7E1008164CD /* DAAlertControllerView.mm */; };
		4F8FF5B22C01B7E1008164CD /* da+hook.mm in Sources */ = {isa = PBXBuildFile; fileRef = 4F8FF5AF2C01B7E1008164CD /* da+hook.mm */; };
		4F8FF5BB2C01BA59008164CD /* UIAlertController+Category.mm in Sources */ = {isa = PBXBuildFile; fileRef = 4F8FF5BA2C01BA59008164CD /* UIAlertController+Category.mm */; };
/* End PBXBuildFile section */

/* Begin PBXFileReference section */
		4F0868CF2BC4643000D20DA1 /* SampleApp.app */ = {isa = PBXFileReference; explicitFileType = wrapper.application; includeInIndex = 0; path = SampleApp.app; sourceTree = BUILT_PRODUCTS_DIR; };
		4F0868D22BC4643000D20DA1 /* AppDelegate.hpp */ = {isa = PBXFileReference; lastKnownFileType = sourcecode.cpp.h; path = AppDelegate.hpp; sourceTree = "<group>"; };
		4F0868D32BC4643000D20DA1 /* AppDelegate.mm */ = {isa = PBXFileReference; lastKnownFileType = sourcecode.cpp.objcpp; path = AppDelegate.mm; sourceTree = "<group>"; };
		4F0868D52BC4643000D20DA1 /* SceneDelegate.hpp */ = {isa = PBXFileReference; lastKnownFileType = sourcecode.cpp.h; path = SceneDelegate.hpp; sourceTree = "<group>"; };
		4F0868D62BC4643000D20DA1 /* SceneDelegate.mm */ = {isa = PBXFileReference; lastKnownFileType = sourcecode.cpp.objcpp; path = SceneDelegate.mm; sourceTree = "<group>"; };
		4F0868D82BC4643000D20DA1 /* ViewController.hpp */ = {isa = PBXFileReference; lastKnownFileType = sourcecode.cpp.h; path = ViewController.hpp; sourceTree = "<group>"; };
		4F0868D92BC4643000D20DA1 /* ViewController.mm */ = {isa = PBXFileReference; lastKnownFileType = sourcecode.cpp.objcpp; path = ViewController.mm; sourceTree = "<group>"; };
		4F0868DC2BC4643000D20DA1 /* Base */ = {isa = PBXFileReference; lastKnownFileType = file.storyboard; name = Base; path = Base.lproj/Main.storyboard; sourceTree = "<group>"; };
		4F0868DE2BC4643100D20DA1 /* Assets.xcassets */ = {isa = PBXFileReference; lastKnownFileType = folder.assetcatalog; path = Assets.xcassets; sourceTree = "<group>"; };
		4F0868E12BC4643100D20DA1 /* Base */ = {isa = PBXFileReference; lastKnownFileType = file.storyboard; name = Base; path = Base.lproj/LaunchScreen.storyboard; sourceTree = "<group>"; };
		4F0868E32BC4643100D20DA1 /* Info.plist */ = {isa = PBXFileReference; lastKnownFileType = text.plist.xml; path = Info.plist; sourceTree = "<group>"; };
		4F0868E42BC4643100D20DA1 /* main.mm */ = {isa = PBXFileReference; lastKnownFileType = sourcecode.cpp.objcpp; path = main.mm; sourceTree = "<group>"; };
		4F0868EC2BC464CD00D20DA1 /* UIKit.framework */ = {isa = PBXFileReference; lastKnownFileType = wrapper.framework; name = UIKit.framework; path = System/Library/Frameworks/UIKit.framework; sourceTree = SDKROOT; };
		4F8FF5AA2C01B7E1008164CD /* DAAlertControllerView.mm */ = {isa = PBXFileReference; fileEncoding = 4; lastKnownFileType = sourcecode.cpp.objcpp; name = DAAlertControllerView.mm; path = DynamicAlertUIKitCore/DAAlertControllerView.mm; sourceTree = SOURCE_ROOT; };
		4F8FF5AD2C01B7E1008164CD /* DAAlertControllerView.hpp */ = {isa = PBXFileReference; fileEncoding = 4; lastKnownFileType = sourcecode.cpp.h; name = DAAlertControllerView.hpp; path = DynamicAlertUIKitCore/DAAlertControllerView.hpp; sourceTree = SOURCE_ROOT; };
		4F8FF5AE2C01B7E1008164CD /* da+hook.hpp */ = {isa = PBXFileReference; fileEncoding = 4; lastKnownFileType = sourcecode.cpp.h; name = "da+hook.hpp"; path = "DynamicAlertUIKitCore/da+hook.hpp"; sourceTree = SOURCE_ROOT; };
		4F8FF5AF2C01B7E1008164CD /* da+hook.mm */ = {isa = PBXFileReference; fileEncoding = 4; lastKnownFileType = sourcecode.cpp.objcpp; name = "da+hook.mm"; path = "DynamicAlertUIKitCore/da+hook.mm"; sourceTree = SOURCE_ROOT; };
		4F8FF5B92C01BA59008164CD /* UIAlertController+Category.hpp */ = {isa = PBXFileReference; fileEncoding = 4; lastKnownFileType = sourcecode.cpp.h; path = "UIAlertController+Category.hpp"; sourceTree = "<group>"; };
		4F8FF5BA2C01BA59008164CD /* UIAlertController+Category.mm */ = {isa = PBXFileReference; fileEncoding = 4; lastKnownFileType = sourcecode.cpp.objcpp; path = "UIAlertController+Category.mm"; sourceTree = "<group>"; };
/* End PBXFileReference section */

/* Begin PBXFrameworksBuildPhase section */
		4F0868CC2BC4643000D20DA1 /* Frameworks */ = {
			isa = PBXFrameworksBuildPhase;
			buildActionMask = 2147483647;
			files = (
				4F0868ED2BC464CD00D20DA1 /* UIKit.framework in Frameworks */,
			);
			runOnlyForDeploymentPostprocessing = 0;
		};
/* End PBXFrameworksBuildPhase section */

/* Begin PBXGroup section */
		4F0868C62BC4643000D20DA1 = {
			isa = PBXGroup;
			children = (
				4F0868D12BC4643000D20DA1 /* SampleApp */,
				4F0868D02BC4643000D20DA1 /* Products */,
				4F0868EB2BC464CD00D20DA1 /* Frameworks */,
			);
			sourceTree = "<group>";
		};
		4F0868D02BC4643000D20DA1 /* Products */ = {
			isa = PBXGroup;
			children = (
				4F0868CF2BC4643000D20DA1 /* SampleApp.app */,
			);
			name = Products;
			sourceTree = "<group>";
		};
		4F0868D12BC4643000D20DA1 /* SampleApp */ = {
			isa = PBXGroup;
			children = (
				4F8FF5B92C01BA59008164CD /* UIAlertController+Category.hpp */,
				4F8FF5BA2C01BA59008164CD /* UIAlertController+Category.mm */,
				4F8FF5AE2C01B7E1008164CD /* da+hook.hpp */,
				4F8FF5AF2C01B7E1008164CD /* da+hook.mm */,
				4F8FF5AD2C01B7E1008164CD /* DAAlertControllerView.hpp */,
				4F8FF5AA2C01B7E1008164CD /* DAAlertControllerView.mm */,
				4F0868D22BC4643000D20DA1 /* AppDelegate.hpp */,
				4F0868D32BC4643000D20DA1 /* AppDelegate.mm */,
				4F0868D52BC4643000D20DA1 /* SceneDelegate.hpp */,
				4F0868D62BC4643000D20DA1 /* SceneDelegate.mm */,
				4F0868D82BC4643000D20DA1 /* ViewController.hpp */,
				4F0868D92BC4643000D20DA1 /* ViewController.mm */,
				4F0868DB2BC4643000D20DA1 /* Main.storyboard */,
				4F0868DE2BC4643100D20DA1 /* Assets.xcassets */,
				4F0868E02BC4643100D20DA1 /* LaunchScreen.storyboard */,
				4F0868E32BC4643100D20DA1 /* Info.plist */,
				4F0868E42BC4643100D20DA1 /* main.mm */,
			);
			path = SampleApp;
			sourceTree = "<group>";
		};
		4F0868EB2BC464CD00D20DA1 /* Frameworks */ = {
			isa = PBXGroup;
			children = (
				4F0868EC2BC464CD00D20DA1 /* UIKit.framework */,
			);
			name = Frameworks;
			sourceTree = "<group>";
		};
/* End PBXGroup section */

/* Begin PBXNativeTarget section */
		4F0868CE2BC4643000D20DA1 /* SampleApp */ = {
			isa = PBXNativeTarget;
			buildConfigurationList = 4F0868E82BC4643100D20DA1 /* Build configuration list for PBXNativeTarget "SampleApp" */;
			buildPhases = (
				4F0868CB2BC4643000D20DA1 /* Sources */,
				4F0868CC2BC4643000D20DA1 /* Frameworks */,
				4F0868CD2BC4643000D20DA1 /* Resources */,
			);
			buildRules = (
			);
			dependencies = (
			);
			name = SampleApp;
			productName = SampleApp;
			productReference = 4F0868CF2BC4643000D20DA1 /* SampleApp.app */;
			productType = "com.apple.product-type.application";
		};
/* End PBXNativeTarget section */

/* Begin PBXProject section */
		4F0868C72BC4643000D20DA1 /* Project object */ = {
			isa = PBXProject;
			attributes = {
				BuildIndependentTargetsInParallel = 1;
				LastUpgradeCheck = 1530;
				TargetAttributes = {
					4F0868CE2BC4643000D20DA1 = {
						CreatedOnToolsVersion = 15.3;
					};
				};
			};
			buildConfigurationList = 4F0868CA2BC4643000D20DA1 /* Build configuration list for PBXProject "SampleApp" */;
			compatibilityVersion = "Xcode 14.0";
			developmentRegion = en;
			hasScannedForEncodings = 0;
			knownRegions = (
				en,
				Base,
			);
			mainGroup = 4F0868C62BC4643000D20DA1;
			productRefGroup = 4F0868D02BC4643000D20DA1 /* Products */;
			projectDirPath = "";
			projectRoot = "";
			targets = (
				4F0868CE2BC4643000D20DA1 /* SampleApp */,
			);
		};
/* End PBXProject section */

/* Begin PBXResourcesBuildPhase section */
		4F0868CD2BC4643000D20DA1 /* Resources */ = {
			isa = PBXResourcesBuildPhase;
			buildActionMask = 2147483647;
			files = (
				4F0868DF2BC4643100D20DA1 /* Assets.xcassets in Resources */,
				4F0868E22BC4643100D20DA1 /* Base in Resources */,
				4F0868DD2BC4643000D20DA1 /* Base in Resources */,
			);
			runOnlyForDeploymentPostprocessing = 0;
		};
/* End PBXResourcesBuildPhase section */

/* Begin PBXSourcesBuildPhase section */
		4F0868CB2BC4643000D20DA1 /* Sources */ = {
			isa = PBXSourcesBuildPhase;
			buildActionMask = 2147483647;
			files = (
				4F0868DA2BC4643000D20DA1 /* ViewController.mm in Sources */,
				4F0868D42BC4643000D20DA1 /* AppDelegate.mm in Sources */,
				4F8FF5B22C01B7E1008164CD /* da+hook.mm in Sources */,
				4F0868E52BC4643100D20DA1 /* main.mm in Sources */,
				4F8FF5B02C01B7E1008164CD /* DAAlertControllerView.mm in Sources */,
				4F8FF5BB2C01BA59008164CD /* UIAlertController+Category.mm in Sources */,
				4F0868D72BC4643000D20DA1 /* SceneDelegate.mm in Sources */,
			);
			runOnlyForDeploymentPostprocessing = 0;
		};
/* End PBXSourcesBuildPhase section */

/* Begin PBXVariantGroup section */
		4F0868DB2BC4643000D20DA1 /* Main.storyboard */ = {
			isa = PBXVariantGroup;
			children = (
				4F0868DC2BC4643000D20DA1 /* Base */,
			);
			name = Main.storyboard;
			sourceTree = "<group>";
		};
		4F0868E02BC4643100D20DA1 /* LaunchScreen.storyboard */ = {
			isa = PBXVariantGroup;
			children = (
				4F0868E12BC4643100D20DA1 /* Base */,
			);
			name = LaunchScreen.storyboard;
			sourceTree = "<group>";
		};
/* End PBXVariantGroup section */

/* Begin XCBuildConfiguration section */
		4F0868E62BC4643100D20DA1 /* Debug */ = {
			isa = XCBuildConfiguration;
			buildSettings = {
				ALWAYS_SEARCH_USER_PATHS = NO;
				ASSETCATALOG_COMPILER_GENERATE_SWIFT_ASSET_SYMBOL_EXTENSIONS = YES;
				CLANG_ANALYZER_NONNULL = YES;
				CLANG_ANALYZER_NUMBER_OBJECT_CONVERSION = YES_AGGRESSIVE;
				CLANG_CXX_LANGUAGE_STANDARD = "gnu++20";
				CLANG_ENABLE_MODULES = YES;
				CLANG_ENABLE_OBJC_ARC = NO;
				CLANG_ENABLE_OBJC_WEAK = YES;
				CLANG_WARN_BLOCK_CAPTURE_AUTORELEASING = YES;
				CLANG_WARN_BOOL_CONVERSION = YES;
				CLANG_WARN_COMMA = YES;
				CLANG_WARN_CONSTANT_CONVERSION = YES;
				CLANG_WARN_DEPRECATED_OBJC_IMPLEMENTATIONS = YES;
				CLANG_WARN_DIRECT_OBJC_ISA_USAGE = YES_ERROR;
				CLANG_WARN_DOCUMENTATION_COMMENTS = YES;
				CLANG_WARN_EMPTY_BODY = YES;
				CLANG_WARN_ENUM_CONVERSION = YES;
				CLANG_WARN_INFINITE_RECURSION = YES;
				CLANG_WARN_INT_CONVERSION = YES;
				CLANG_WARN_NON_LITERAL_NULL_CONVERSION = YES;
				CLANG_WARN_OBJC_IMPLICIT_RETAIN_SELF = YES;
				CLANG_WARN_OBJC_LITERAL_CONVERSION = YES;
				CLANG_WARN_OBJC_ROOT_CLASS = YES_ERROR;
				CLANG_WARN_QUOTED_INCLUDE_IN_FRAMEWORK_HEADER = YES;
				CLANG_WARN_RANGE_LOOP_ANALYSIS = YES;
				CLANG_WARN_STRICT_PROTOTYPES = YES;
				CLANG_WARN_SUSPICIOUS_MOVE = YES;
				CLANG_WARN_UNGUARDED_AVAILABILITY = YES_AGGRESSIVE;
				CLANG_WARN_UNREACHABLE_CODE = YES;
				CLANG_WARN__DUPLICATE_METHOD_MATCH = YES;
				COPY_PHASE_STRIP = NO;
				DEBUG_INFORMATION_FORMAT = dwarf;
				ENABLE_STRICT_OBJC_MSGSEND = YES;
				ENABLE_TESTABILITY = YES;
				ENABLE_USER_SCRIPT_SANDBOXING = YES;
				GCC_C_LANGUAGE_STANDARD = gnu17;
				GCC_DYNAMIC_NO_PIC = NO;
				GCC_NO_COMMON_BLOCKS = YES;
				GCC_OPTIMIZATION_LEVEL = 0;
				GCC_PREPROCESSOR_DEFINITIONS = (
					"DEBUG=1",
					"$(inherited)",
				);
				GCC_WARN_64_TO_32_BIT_CONVERSION = YES;
				GCC_WARN_ABOUT_RETURN_TYPE = YES_ERROR;
				GCC_WARN_UNDECLARED_SELECTOR = YES;
				GCC_WARN_UNINITIALIZED_AUTOS = YES_AGGRESSIVE;
				GCC_WARN_UNUSED_FUNCTION = YES;
				GCC_WARN_UNUSED_VARIABLE = YES;
				IPHONEOS_DEPLOYMENT_TARGET = 17.4;
				LOCALIZATION_PREFERS_STRING_CATALOGS = YES;
				MTL_ENABLE_DEBUG_INFO = INCLUDE_SOURCE;
				MTL_FAST_MATH = YES;
				ONLY_ACTIVE_ARCH = YES;
				SDKROOT = iphoneos;
			};
			name = Debug;
		};
		4F0868E72BC4643100D20DA1 /* Release */ = {
			isa = XCBuildConfiguration;
			buildSettings = {
				ALWAYS_SEARCH_USER_PATHS = NO;
				ASSETCATALOG_COMPILER_GENERATE_SWIFT_ASSET_SYMBOL_EXTENSIONS = YES;
				CLANG_ANALYZER_NONNULL = YES;
				CLANG_ANALYZER_NUMBER_OBJECT_CONVERSION = YES_AGGRESSIVE;
				CLANG_CXX_LANGUAGE_STANDARD = "gnu++20";
				CLANG_ENABLE_MODULES = YES;
				CLANG_ENABLE_OBJC_ARC = NO;
				CLANG_ENABLE_OBJC_WEAK = YES;
				CLANG_WARN_BLOCK_CAPTURE_AUTORELEASING = YES;
				CLANG_WARN_BOOL_CONVERSION = YES;
				CLANG_WARN_COMMA = YES;
				CLANG_WARN_CONSTANT_CONVERSION = YES;
				CLANG_WARN_DEPRECATED_OBJC_IMPLEMENTATIONS = YES;
				CLANG_WARN_DIRECT_OBJC_ISA_USAGE = YES_ERROR;
				CLANG_WARN_DOCUMENTATION_COMMENTS = YES;
				CLANG_WARN_EMPTY_BODY = YES;
				CLANG_WARN_ENUM_CONVERSION = YES;
				CLANG_WARN_INFINITE_RECURSION = YES;
				CLANG_WARN_INT_CONVERSION = YES;
				CLANG_WARN_NON_LITERAL_NULL_CONVERSION = YES;
				CLANG_WARN_OBJC_IMPLICIT_RETAIN_SELF = YES;
				CLANG_WARN_OBJC_LITERAL_CONVERSION = YES;
				CLANG_WARN_OBJC_ROOT_CLASS = YES_ERROR;
				CLANG_WARN_QUOTED_INCLUDE_IN_FRAMEWORK_HEADER = YES;
				CLANG_WARN_RANGE_LOOP_ANALYSIS = YES;
				CLANG_WARN_STRICT_PROTOTYPES = YES;
				CLANG_WARN_SUSPICIOUS_MOVE = YES;
				CLANG_WARN_UNGUARDED_AVAILABILITY = YES_AGGRESSIVE;
				CLANG_WARN_UNREACHABLE_CODE = YES;
				CLANG_WARN__DUPLICATE_METHOD_MATCH = YES;
				COPY_PHASE_STRIP = NO;
				DEBUG_INFORMATION_FORMAT = "dwarf-with-dsym";
				ENABLE_NS_ASSERTIONS = NO;
				ENABLE_STRICT_OBJC_MSGSEND = YES;
				ENABLE_USER_SCRIPT_SANDBOXING = YES;
				GCC_C_LANGUAGE_STANDARD = gnu17;
				GCC_NO_COMMON_BLOCKS = YES;
				GCC_WARN_64_TO_32_BIT_CONVERSION = YES;
				GCC_WARN_ABOUT_RETURN_TYPE = YES_ERROR;
				GCC_WARN_UNDECLARED_SELECTOR = YES;
				GCC_WARN_UNINITIALIZED_AUTOS = YES_AGGRESSIVE;
				GCC_WARN_UNUSED_FUNCTION = YES;
				GCC_WARN_UNUSED_VARIABLE = YES;
				IPHONEOS_DEPLOYMENT_TARGET = 17.4;
				LOCALIZATION_PREFERS_STRING_CATALOGS = YES;
				MTL_ENABLE_DEBUG_INFO = NO;
				MTL_FAST_MATH = YES;
				SDKROOT = iphoneos;
				VALIDATE_PRODUCT = YES;
			};
			name = Release;
		};
		4F0868E92BC4643100D20DA1 /* Debug */ = {
			isa = XCBuildConfiguration;
			buildSettings = {
				ASSETCATALOG_COMPILER_APPICON_NAME = AppIcon;
				ASSETCATALOG_COMPILER_GLOBAL_ACCENT_COLOR_NAME = AccentColor;
				CODE_SIGN_STYLE = Automatic;
				CURRENT_PROJECT_VERSION = 1;
				DEVELOPMENT_TEAM = P53D29U9LJ;
				GENERATE_INFOPLIST_FILE = YES;
				INFOPLIST_FILE = SampleApp/Info.plist;
				INFOPLIST_KEY_UIApplicationSupportsIndirectInputEvents = YES;
				INFOPLIST_KEY_UILaunchStoryboardName = LaunchScreen;
				INFOPLIST_KEY_UISupportedInterfaceOrientations_iPad = "UIInterfaceOrientationPortrait UIInterfaceOrientationPortraitUpsideDown UIInterfaceOrientationLandscapeLeft UIInterfaceOrientationLandscapeRight";
				INFOPLIST_KEY_UISupportedInterfaceOrientations_iPhone = "UIInterfaceOrientationPortrait UIInterfaceOrientationLandscapeLeft UIInterfaceOrientationLandscapeRight";
				LD_RUNPATH_SEARCH_PATHS = (
					"$(inherited)",
					"@executable_path/Frameworks",
				);
				MARKETING_VERSION = 1.0;
				PRODUCT_BUNDLE_IDENTIFIER = com.pookjw.SampleApp;
				PRODUCT_NAME = "$(TARGET_NAME)";
				SWIFT_EMIT_LOC_STRINGS = YES;
				TARGETED_DEVICE_FAMILY = "1,2";
			};
			name = Debug;
		};
		4F0868EA2BC4643100D20DA1 /* Release */ = {
			isa = XCBuildConfiguration;
			buildSettings = {
				ASSETCATALOG_COMPILER_APPICON_NAME = AppIcon;
				ASSETCATALOG_COMPILER_GLOBAL_ACCENT_COLOR_NAME = AccentColor;
				CODE_SIGN_STYLE = Automatic;
				CURRENT_PROJECT_VERSION = 1;
				DEVELOPMENT_TEAM = P53D29U9LJ;
				GENERATE_INFOPLIST_FILE = YES;
				INFOPLIST_FILE = SampleApp/Info.plist;
				INFOPLIST_KEY_UIApplicationSupportsIndirectInputEvents = YES;
				INFOPLIST_KEY_UILaunchStoryboardName = LaunchScreen;
				INFOPLIST_KEY_UISupportedInterfaceOrientations_iPad = "UIInterfaceOrientationPortrait UIInterfaceOrientationPortraitUpsideDown UIInterfaceOrientationLandscapeLeft UIInterfaceOrientationLandscapeRight";
				INFOPLIST_KEY_UISupportedInterfaceOrientations_iPhone = "UIInterfaceOrientationPortrait UIInterfaceOrientationLandscapeLeft UIInterfaceOrientationLandscapeRight";
				LD_RUNPATH_SEARCH_PATHS = (
					"$(inherited)",
					"@executable_path/Frameworks",
				);
				MARKETING_VERSION = 1.0;
				PRODUCT_BUNDLE_IDENTIFIER = com.pookjw.SampleApp;
				PRODUCT_NAME = "$(TARGET_NAME)";
				SWIFT_EMIT_LOC_STRINGS = YES;
				TARGETED_DEVICE_FAMILY = "1,2";
			};
			name = Release;
		};
/* End XCBuildConfiguration section */

/* Begin XCConfigurationList section */
		4F0868CA2BC4643000D20DA1 /* Build configuration list for PBXProject "SampleApp" */ = {
			isa = XCConfigurationList;
			buildConfigurations = (
				4F0868E62BC4643100D20DA1 /* Debug */,
				4F0868E72BC4643100D20DA1 /* Release */,
			);
			defaultConfigurationIsVisible = 0;
			defaultConfigurationName = Release;
		};
		4F0868E82BC4643100D20DA1 /* Build configuration list for PBXNativeTarget "SampleApp" */ = {
			isa = XCConfigurationList;
			buildConfigurations = (
				4F0868E92BC4643100D20DA1 /* Debug */,
				4F0868EA2BC4643100D20DA1 /* Release */,
			);
			defaultConfigurationIsVisible = 0;
			defaultConfigurationName = Release;
		};
/* End XCConfigurationList section */
	};
	rootObject = 4F0868C72BC4643000D20DA1 /* Project object */;
}
